// !$*UTF8*$!
{
	archiveVersion = 1;
	classes = {
	};
	objectVersion = 56;
	objects = {

/* Begin PBXBuildFile section */
		1D5A842F2A7BDD1B007D0A90 /* practiceSwiftuI2App.swift in Sources */ = {isa = PBXBuildFile; fileRef = 1D5A842E2A7BDD1B007D0A90 /* practiceSwiftuI2App.swift */; };
		1D5A84312A7BDD1B007D0A90 /* ContentView.swift in Sources */ = {isa = PBXBuildFile; fileRef = 1D5A84302A7BDD1B007D0A90 /* ContentView.swift */; };
		1D5A84332A7BDD1B007D0A90 /* Assets.xcassets in Resources */ = {isa = PBXBuildFile; fileRef = 1D5A84322A7BDD1B007D0A90 /* Assets.xcassets */; };
		1D5A84362A7BDD1B007D0A90 /* Preview Assets.xcassets in Resources */ = {isa = PBXBuildFile; fileRef = 1D5A84352A7BDD1B007D0A90 /* Preview Assets.xcassets */; };
		1D5A84402A7BDD1C007D0A90 /* practiceSwiftuI2Tests.swift in Sources */ = {isa = PBXBuildFile; fileRef = 1D5A843F2A7BDD1C007D0A90 /* practiceSwiftuI2Tests.swift */; };
		1D5A844A2A7BDD1C007D0A90 /* practiceSwiftuI2UITests.swift in Sources */ = {isa = PBXBuildFile; fileRef = 1D5A84492A7BDD1C007D0A90 /* practiceSwiftuI2UITests.swift */; };
		1D5A844C2A7BDD1C007D0A90 /* practiceSwiftuI2UITestsLaunchTests.swift in Sources */ = {isa = PBXBuildFile; fileRef = 1D5A844B2A7BDD1C007D0A90 /* practiceSwiftuI2UITestsLaunchTests.swift */; };
/* End PBXBuildFile section */

/* Begin PBXContainerItemProxy section */
		1D5A843C2A7BDD1C007D0A90 /* PBXContainerItemProxy */ = {
			isa = PBXContainerItemProxy;
			containerPortal = 1D5A84232A7BDD1B007D0A90 /* Project object */;
			proxyType = 1;
			remoteGlobalIDString = 1D5A842A2A7BDD1B007D0A90;
			remoteInfo = practiceSwiftuI2;
		};
		1D5A84462A7BDD1C007D0A90 /* PBXContainerItemProxy */ = {
			isa = PBXContainerItemProxy;
			containerPortal = 1D5A84232A7BDD1B007D0A90 /* Project object */;
			proxyType = 1;
			remoteGlobalIDString = 1D5A842A2A7BDD1B007D0A90;
			remoteInfo = practiceSwiftuI2;
		};
/* End PBXContainerItemProxy section */

/* Begin PBXFileReference section */
		1D5A842B2A7BDD1B007D0A90 /* practiceSwiftuI2.app */ = {isa = PBXFileReference; explicitFileType = wrapper.application; includeInIndex = 0; path = practiceSwiftuI2.app; sourceTree = BUILT_PRODUCTS_DIR; };
		1D5A842E2A7BDD1B007D0A90 /* practiceSwiftuI2App.swift */ = {isa = PBXFileReference; lastKnownFileType = sourcecode.swift; path = practiceSwiftuI2App.swift; sourceTree = "<group>"; };
		1D5A84302A7BDD1B007D0A90 /* ContentView.swift */ = {isa = PBXFileReference; lastKnownFileType = sourcecode.swift; path = ContentView.swift; sourceTree = "<group>"; };
		1D5A84322A7BDD1B007D0A90 /* Assets.xcassets */ = {isa = PBXFileReference; lastKnownFileType = folder.assetcatalog; path = Assets.xcassets; sourceTree = "<group>"; };
		1D5A84352A7BDD1B007D0A90 /* Preview Assets.xcassets */ = {isa = PBXFileReference; lastKnownFileType = folder.assetcatalog; path = "Preview Assets.xcassets"; sourceTree = "<group>"; };
		1D5A843B2A7BDD1C007D0A90 /* practiceSwiftuI2Tests.xctest */ = {isa = PBXFileReference; explicitFileType = wrapper.cfbundle; includeInIndex = 0; path = practiceSwiftuI2Tests.xctest; sourceTree = BUILT_PRODUCTS_DIR; };
		1D5A843F2A7BDD1C007D0A90 /* practiceSwiftuI2Tests.swift */ = {isa = PBXFileReference; lastKnownFileType = sourcecode.swift; path = practiceSwiftuI2Tests.swift; sourceTree = "<group>"; };
		1D5A84452A7BDD1C007D0A90 /* practiceSwiftuI2UITests.xctest */ = {isa = PBXFileReference; explicitFileType = wrapper.cfbundle; includeInIndex = 0; path = practiceSwiftuI2UITests.xctest; sourceTree = BUILT_PRODUCTS_DIR; };
		1D5A84492A7BDD1C007D0A90 /* practiceSwiftuI2UITests.swift */ = {isa = PBXFileReference; lastKnownFileType = sourcecode.swift; path = practiceSwiftuI2UITests.swift; sourceTree = "<group>"; };
		1D5A844B2A7BDD1C007D0A90 /* practiceSwiftuI2UITestsLaunchTests.swift */ = {isa = PBXFileReference; lastKnownFileType = sourcecode.swift; path = practiceSwiftuI2UITestsLaunchTests.swift; sourceTree = "<group>"; };
/* End PBXFileReference section */

/* Begin PBXFrameworksBuildPhase section */
		1D5A84282A7BDD1B007D0A90 /* Frameworks */ = {
			isa = PBXFrameworksBuildPhase;
			buildActionMask = 2147483647;
			files = (
			);
			runOnlyForDeploymentPostprocessing = 0;
		};
		1D5A84382A7BDD1C007D0A90 /* Frameworks */ = {
			isa = PBXFrameworksBuildPhase;
			buildActionMask = 2147483647;
			files = (
			);
			runOnlyForDeploymentPostprocessing = 0;
		};
		1D5A84422A7BDD1C007D0A90 /* Frameworks */ = {
			isa = PBXFrameworksBuildPhase;
			buildActionMask = 2147483647;
			files = (
			);
			runOnlyForDeploymentPostprocessing = 0;
		};
/* End PBXFrameworksBuildPhase section */

/* Begin PBXGroup section */
		1D5A84222A7BDD1B007D0A90 = {
			isa = PBXGroup;
			children = (
				1D5A842D2A7BDD1B007D0A90 /* practiceSwiftuI2 */,
				1D5A843E2A7BDD1C007D0A90 /* practiceSwiftuI2Tests */,
				1D5A84482A7BDD1C007D0A90 /* practiceSwiftuI2UITests */,
				1D5A842C2A7BDD1B007D0A90 /* Products */,
			);
			sourceTree = "<group>";
		};
		1D5A842C2A7BDD1B007D0A90 /* Products */ = {
			isa = PBXGroup;
			children = (
				1D5A842B2A7BDD1B007D0A90 /* practiceSwiftuI2.app */,
				1D5A843B2A7BDD1C007D0A90 /* practiceSwiftuI2Tests.xctest */,
				1D5A84452A7BDD1C007D0A90 /* practiceSwiftuI2UITests.xctest */,
			);
			name = Products;
			sourceTree = "<group>";
		};
		1D5A842D2A7BDD1B007D0A90 /* practiceSwiftuI2 */ = {
			isa = PBXGroup;
			children = (
				1D5A842E2A7BDD1B007D0A90 /* practiceSwiftuI2App.swift */,
				1D5A84302A7BDD1B007D0A90 /* ContentView.swift */,
				1D5A84322A7BDD1B007D0A90 /* Assets.xcassets */,
				1D5A84342A7BDD1B007D0A90 /* Preview Content */,
			);
			path = practiceSwiftuI2;
			sourceTree = "<group>";
		};
		1D5A84342A7BDD1B007D0A90 /* Preview Content */ = {
			isa = PBXGroup;
			children = (
				1D5A84352A7BDD1B007D0A90 /* Preview Assets.xcassets */,
			);
			path = "Preview Content";
			sourceTree = "<group>";
		};
		1D5A843E2A7BDD1C007D0A90 /* practiceSwiftuI2Tests */ = {
			isa = PBXGroup;
			children = (
				1D5A843F2A7BDD1C007D0A90 /* practiceSwiftuI2Tests.swift */,
			);
			path = practiceSwiftuI2Tests;
			sourceTree = "<group>";
		};
		1D5A84482A7BDD1C007D0A90 /* practiceSwiftuI2UITests */ = {
			isa = PBXGroup;
			children = (
				1D5A84492A7BDD1C007D0A90 /* practiceSwiftuI2UITests.swift */,
				1D5A844B2A7BDD1C007D0A90 /* practiceSwiftuI2UITestsLaunchTests.swift */,
			);
			path = practiceSwiftuI2UITests;
			sourceTree = "<group>";
		};
/* End PBXGroup section */

/* Begin PBXNativeTarget section */
		1D5A842A2A7BDD1B007D0A90 /* practiceSwiftuI2 */ = {
			isa = PBXNativeTarget;
			buildConfigurationList = 1D5A844F2A7BDD1C007D0A90 /* Build configuration list for PBXNativeTarget "practiceSwiftuI2" */;
			buildPhases = (
				1D5A84272A7BDD1B007D0A90 /* Sources */,
				1D5A84282A7BDD1B007D0A90 /* Frameworks */,
				1D5A84292A7BDD1B007D0A90 /* Resources */,
			);
			buildRules = (
			);
			dependencies = (
			);
			name = practiceSwiftuI2;
			productName = practiceSwiftuI2;
			productReference = 1D5A842B2A7BDD1B007D0A90 /* practiceSwiftuI2.app */;
			productType = "com.apple.product-type.application";
		};
		1D5A843A2A7BDD1C007D0A90 /* practiceSwiftuI2Tests */ = {
			isa = PBXNativeTarget;
			buildConfigurationList = 1D5A84522A7BDD1C007D0A90 /* Build configuration list for PBXNativeTarget "practiceSwiftuI2Tests" */;
			buildPhases = (
				1D5A84372A7BDD1C007D0A90 /* Sources */,
				1D5A84382A7BDD1C007D0A90 /* Frameworks */,
				1D5A84392A7BDD1C007D0A90 /* Resources */,
			);
			buildRules = (
			);
			dependencies = (
				1D5A843D2A7BDD1C007D0A90 /* PBXTargetDependency */,
			);
			name = practiceSwiftuI2Tests;
			productName = practiceSwiftuI2Tests;
			productReference = 1D5A843B2A7BDD1C007D0A90 /* practiceSwiftuI2Tests.xctest */;
			productType = "com.apple.product-type.bundle.unit-test";
		};
		1D5A84442A7BDD1C007D0A90 /* practiceSwiftuI2UITests */ = {
			isa = PBXNativeTarget;
			buildConfigurationList = 1D5A84552A7BDD1C007D0A90 /* Build configuration list for PBXNativeTarget "practiceSwiftuI2UITests" */;
			buildPhases = (
				1D5A84412A7BDD1C007D0A90 /* Sources */,
				1D5A84422A7BDD1C007D0A90 /* Frameworks */,
				1D5A84432A7BDD1C007D0A90 /* Resources */,
			);
			buildRules = (
			);
			dependencies = (
				1D5A84472A7BDD1C007D0A90 /* PBXTargetDependency */,
			);
			name = practiceSwiftuI2UITests;
			productName = practiceSwiftuI2UITests;
			productReference = 1D5A84452A7BDD1C007D0A90 /* practiceSwiftuI2UITests.xctest */;
			productType = "com.apple.product-type.bundle.ui-testing";
		};
/* End PBXNativeTarget section */

/* Begin PBXProject section */
		1D5A84232A7BDD1B007D0A90 /* Project object */ = {
			isa = PBXProject;
			attributes = {
				BuildIndependentTargetsInParallel = 1;
				LastSwiftUpdateCheck = 1430;
				LastUpgradeCheck = 1430;
				TargetAttributes = {
					1D5A842A2A7BDD1B007D0A90 = {
						CreatedOnToolsVersion = 14.3.1;
					};
					1D5A843A2A7BDD1C007D0A90 = {
						CreatedOnToolsVersion = 14.3.1;
						TestTargetID = 1D5A842A2A7BDD1B007D0A90;
					};
					1D5A84442A7BDD1C007D0A90 = {
						CreatedOnToolsVersion = 14.3.1;
						TestTargetID = 1D5A842A2A7BDD1B007D0A90;
					};
				};
			};
			buildConfigurationList = 1D5A84262A7BDD1B007D0A90 /* Build configuration list for PBXProject "practiceSwiftuI2" */;
			compatibilityVersion = "Xcode 14.0";
			developmentRegion = en;
			hasScannedForEncodings = 0;
			knownRegions = (
				en,
				Base,
			);
			mainGroup = 1D5A84222A7BDD1B007D0A90;
			productRefGroup = 1D5A842C2A7BDD1B007D0A90 /* Products */;
			projectDirPath = "";
			projectRoot = "";
			targets = (
				1D5A842A2A7BDD1B007D0A90 /* practiceSwiftuI2 */,
				1D5A843A2A7BDD1C007D0A90 /* practiceSwiftuI2Tests */,
				1D5A84442A7BDD1C007D0A90 /* practiceSwiftuI2UITests */,
			);
		};
/* End PBXProject section */

/* Begin PBXResourcesBuildPhase section */
		1D5A84292A7BDD1B007D0A90 /* Resources */ = {
			isa = PBXResourcesBuildPhase;
			buildActionMask = 2147483647;
			files = (
				1D5A84362A7BDD1B007D0A90 /* Preview Assets.xcassets in Resources */,
				1D5A84332A7BDD1B007D0A90 /* Assets.xcassets in Resources */,
			);
			runOnlyForDeploymentPostprocessing = 0;
		};
		1D5A84392A7BDD1C007D0A90 /* Resources */ = {
			isa = PBXResourcesBuildPhase;
			buildActionMask = 2147483647;
			files = (
			);
			runOnlyForDeploymentPostprocessing = 0;
		};
		1D5A84432A7BDD1C007D0A90 /* Resources */ = {
			isa = PBXResourcesBuildPhase;
			buildActionMask = 2147483647;
			files = (
			);
			runOnlyForDeploymentPostprocessing = 0;
		};
/* End PBXResourcesBuildPhase section */

/* Begin PBXSourcesBuildPhase section */
		1D5A84272A7BDD1B007D0A90 /* Sources */ = {
			isa = PBXSourcesBuildPhase;
			buildActionMask = 2147483647;
			files = (
				1D5A84312A7BDD1B007D0A90 /* ContentView.swift in Sources */,
				1D5A842F2A7BDD1B007D0A90 /* practiceSwiftuI2App.swift in Sources */,
			);
			runOnlyForDeploymentPostprocessing = 0;
		};
		1D5A84372A7BDD1C007D0A90 /* Sources */ = {
			isa = PBXSourcesBuildPhase;
			buildActionMask = 2147483647;
			files = (
				1D5A84402A7BDD1C007D0A90 /* practiceSwiftuI2Tests.swift in Sources */,
			);
			runOnlyForDeploymentPostprocessing = 0;
		};
		1D5A84412A7BDD1C007D0A90 /* Sources */ = {
			isa = PBXSourcesBuildPhase;
			buildActionMask = 2147483647;
			files = (
				1D5A844C2A7BDD1C007D0A90 /* practiceSwiftuI2UITestsLaunchTests.swift in Sources */,
				1D5A844A2A7BDD1C007D0A90 /* practiceSwiftuI2UITests.swift in Sources */,
			);
			runOnlyForDeploymentPostprocessing = 0;
		};
/* End PBXSourcesBuildPhase section */

/* Begin PBXTargetDependency section */
		1D5A843D2A7BDD1C007D0A90 /* PBXTargetDependency */ = {
			isa = PBXTargetDependency;
			target = 1D5A842A2A7BDD1B007D0A90 /* practiceSwiftuI2 */;
			targetProxy = 1D5A843C2A7BDD1C007D0A90 /* PBXContainerItemProxy */;
		};
		1D5A84472A7BDD1C007D0A90 /* PBXTargetDependency */ = {
			isa = PBXTargetDependency;
			target = 1D5A842A2A7BDD1B007D0A90 /* practiceSwiftuI2 */;
			targetProxy = 1D5A84462A7BDD1C007D0A90 /* PBXContainerItemProxy */;
		};
/* End PBXTargetDependency section */

/* Begin XCBuildConfiguration section */
		1D5A844D2A7BDD1C007D0A90 /* Debug */ = {
			isa = XCBuildConfiguration;
			buildSettings = {
				ALWAYS_SEARCH_USER_PATHS = NO;
				CLANG_ANALYZER_NONNULL = YES;
				CLANG_ANALYZER_NUMBER_OBJECT_CONVERSION = YES_AGGRESSIVE;
				CLANG_CXX_LANGUAGE_STANDARD = "gnu++20";
				CLANG_ENABLE_MODULES = YES;
				CLANG_ENABLE_OBJC_ARC = YES;
				CLANG_ENABLE_OBJC_WEAK = YES;
				CLANG_WARN_BLOCK_CAPTURE_AUTORELEASING = YES;
				CLANG_WARN_BOOL_CONVERSION = YES;
				CLANG_WARN_COMMA = YES;
				CLANG_WARN_CONSTANT_CONVERSION = YES;
				CLANG_WARN_DEPRECATED_OBJC_IMPLEMENTATIONS = YES;
				CLANG_WARN_DIRECT_OBJC_ISA_USAGE = YES_ERROR;
				CLANG_WARN_DOCUMENTATION_COMMENTS = YES;
				CLANG_WARN_EMPTY_BODY = YES;
				CLANG_WARN_ENUM_CONVERSION = YES;
				CLANG_WARN_INFINITE_RECURSION = YES;
				CLANG_WARN_INT_CONVERSION = YES;
				CLANG_WARN_NON_LITERAL_NULL_CONVERSION = YES;
				CLANG_WARN_OBJC_IMPLICIT_RETAIN_SELF = YES;
				CLANG_WARN_OBJC_LITERAL_CONVERSION = YES;
				CLANG_WARN_OBJC_ROOT_CLASS = YES_ERROR;
				CLANG_WARN_QUOTED_INCLUDE_IN_FRAMEWORK_HEADER = YES;
				CLANG_WARN_RANGE_LOOP_ANALYSIS = YES;
				CLANG_WARN_STRICT_PROTOTYPES = YES;
				CLANG_WARN_SUSPICIOUS_MOVE = YES;
				CLANG_WARN_UNGUARDED_AVAILABILITY = YES_AGGRESSIVE;
				CLANG_WARN_UNREACHABLE_CODE = YES;
				CLANG_WARN__DUPLICATE_METHOD_MATCH = YES;
				COPY_PHASE_STRIP = NO;
				DEBUG_INFORMATION_FORMAT = dwarf;
				ENABLE_STRICT_OBJC_MSGSEND = YES;
				ENABLE_TESTABILITY = YES;
				GCC_C_LANGUAGE_STANDARD = gnu11;
				GCC_DYNAMIC_NO_PIC = NO;
				GCC_NO_COMMON_BLOCKS = YES;
				GCC_OPTIMIZATION_LEVEL = 0;
				GCC_PREPROCESSOR_DEFINITIONS = (
					"DEBUG=1",
					"$(inherited)",
				);
				GCC_WARN_64_TO_32_BIT_CONVERSION = YES;
				GCC_WARN_ABOUT_RETURN_TYPE = YES_ERROR;
				GCC_WARN_UNDECLARED_SELECTOR = YES;
				GCC_WARN_UNINITIALIZED_AUTOS = YES_AGGRESSIVE;
				GCC_WARN_UNUSED_FUNCTION = YES;
				GCC_WARN_UNUSED_VARIABLE = YES;
				IPHONEOS_DEPLOYMENT_TARGET = 16.4;
				MTL_ENABLE_DEBUG_INFO = INCLUDE_SOURCE;
				MTL_FAST_MATH = YES;
				ONLY_ACTIVE_ARCH = YES;
				SDKROOT = iphoneos;
				SWIFT_ACTIVE_COMPILATION_CONDITIONS = DEBUG;
				SWIFT_OPTIMIZATION_LEVEL = "-Onone";
			};
			name = Debug;
		};
		1D5A844E2A7BDD1C007D0A90 /* Release */ = {
			isa = XCBuildConfiguration;
			buildSettings = {
				ALWAYS_SEARCH_USER_PATHS = NO;
				CLANG_ANALYZER_NONNULL = YES;
				CLANG_ANALYZER_NUMBER_OBJECT_CONVERSION = YES_AGGRESSIVE;
				CLANG_CXX_LANGUAGE_STANDARD = "gnu++20";
				CLANG_ENABLE_MODULES = YES;
				CLANG_ENABLE_OBJC_ARC = YES;
				CLANG_ENABLE_OBJC_WEAK = YES;
				CLANG_WARN_BLOCK_CAPTURE_AUTORELEASING = YES;
				CLANG_WARN_BOOL_CONVERSION = YES;
				CLANG_WARN_COMMA = YES;
				CLANG_WARN_CONSTANT_CONVERSION = YES;
				CLANG_WARN_DEPRECATED_OBJC_IMPLEMENTATIONS = YES;
				CLANG_WARN_DIRECT_OBJC_ISA_USAGE = YES_ERROR;
				CLANG_WARN_DOCUMENTATION_COMMENTS = YES;
				CLANG_WARN_EMPTY_BODY = YES;
				CLANG_WARN_ENUM_CONVERSION = YES;
				CLANG_WARN_INFINITE_RECURSION = YES;
				CLANG_WARN_INT_CONVERSION = YES;
				CLANG_WARN_NON_LITERAL_NULL_CONVERSION = YES;
				CLANG_WARN_OBJC_IMPLICIT_RETAIN_SELF = YES;
				CLANG_WARN_OBJC_LITERAL_CONVERSION = YES;
				CLANG_WARN_OBJC_ROOT_CLASS = YES_ERROR;
				CLANG_WARN_QUOTED_INCLUDE_IN_FRAMEWORK_HEADER = YES;
				CLANG_WARN_RANGE_LOOP_ANALYSIS = YES;
				CLANG_WARN_STRICT_PROTOTYPES = YES;
				CLANG_WARN_SUSPICIOUS_MOVE = YES;
				CLANG_WARN_UNGUARDED_AVAILABILITY = YES_AGGRESSIVE;
				CLANG_WARN_UNREACHABLE_CODE = YES;
				CLANG_WARN__DUPLICATE_METHOD_MATCH = YES;
				COPY_PHASE_STRIP = NO;
				DEBUG_INFORMATION_FORMAT = "dwarf-with-dsym";
				ENABLE_NS_ASSERTIONS = NO;
				ENABLE_STRICT_OBJC_MSGSEND = YES;
				GCC_C_LANGUAGE_STANDARD = gnu11;
				GCC_NO_COMMON_BLOCKS = YES;
				GCC_WARN_64_TO_32_BIT_CONVERSION = YES;
				GCC_WARN_ABOUT_RETURN_TYPE = YES_ERROR;
				GCC_WARN_UNDECLARED_SELECTOR = YES;
				GCC_WARN_UNINITIALIZED_AUTOS = YES_AGGRESSIVE;
				GCC_WARN_UNUSED_FUNCTION = YES;
				GCC_WARN_UNUSED_VARIABLE = YES;
				IPHONEOS_DEPLOYMENT_TARGET = 16.4;
				MTL_ENABLE_DEBUG_INFO = NO;
				MTL_FAST_MATH = YES;
				SDKROOT = iphoneos;
				SWIFT_COMPILATION_MODE = wholemodule;
				SWIFT_OPTIMIZATION_LEVEL = "-O";
				VALIDATE_PRODUCT = YES;
			};
			name = Release;
		};
		1D5A84502A7BDD1C007D0A90 /* Debug */ = {
			isa = XCBuildConfiguration;
			buildSettings = {
				ASSETCATALOG_COMPILER_APPICON_NAME = AppIcon;
				ASSETCATALOG_COMPILER_GLOBAL_ACCENT_COLOR_NAME = AccentColor;
				CODE_SIGN_STYLE = Automatic;
				CURRENT_PROJECT_VERSION = 1;
				DEVELOPMENT_ASSET_PATHS = "\"practiceSwiftuI2/Preview Content\"";
				DEVELOPMENT_TEAM = 6763324T69;
				ENABLE_PREVIEWS = YES;
				GENERATE_INFOPLIST_FILE = YES;
				INFOPLIST_KEY_UIApplicationSceneManifest_Generation = YES;
				INFOPLIST_KEY_UIApplicationSupportsIndirectInputEvents = YES;
				INFOPLIST_KEY_UILaunchScreen_Generation = YES;
				INFOPLIST_KEY_UISupportedInterfaceOrientations_iPad = "UIInterfaceOrientationPortrait UIInterfaceOrientationPortraitUpsideDown UIInterfaceOrientationLandscapeLeft UIInterfaceOrientationLandscapeRight";
				INFOPLIST_KEY_UISupportedInterfaceOrientations_iPhone = "UIInterfaceOrientationPortrait UIInterfaceOrientationLandscapeLeft UIInterfaceOrientationLandscapeRight";
				LD_RUNPATH_SEARCH_PATHS = (
					"$(inherited)",
					"@executable_path/Frameworks",
				);
				MARKETING_VERSION = 1.0;
				PRODUCT_BUNDLE_IDENTIFIER = Test.practiceSwiftuI2;
				PRODUCT_NAME = "$(TARGET_NAME)";
				SWIFT_EMIT_LOC_STRINGS = YES;
				SWIFT_VERSION = 5.0;
				TARGETED_DEVICE_FAMILY = "1,2";
			};
			name = Debug;
		};
		1D5A84512A7BDD1C007D0A90 /* Release */ = {
			isa = XCBuildConfiguration;
			buildSettings = {
				ASSETCATALOG_COMPILER_APPICON_NAME = AppIcon;
				ASSETCATALOG_COMPILER_GLOBAL_ACCENT_COLOR_NAME = AccentColor;
				CODE_SIGN_STYLE = Automatic;
				CURRENT_PROJECT_VERSION = 1;
				DEVELOPMENT_ASSET_PATHS = "\"practiceSwiftuI2/Preview Content\"";
				DEVELOPMENT_TEAM = 6763324T69;
				ENABLE_PREVIEWS = YES;
				GENERATE_INFOPLIST_FILE = YES;
				INFOPLIST_KEY_UIApplicationSceneManifest_Generation = YES;
				INFOPLIST_KEY_UIApplicationSupportsIndirectInputEvents = YES;
				INFOPLIST_KEY_UILaunchScreen_Generation = YES;
				INFOPLIST_KEY_UISupportedInterfaceOrientations_iPad = "UIInterfaceOrientationPortrait UIInterfaceOrientationPortraitUpsideDown UIInterfaceOrientationLandscapeLeft UIInterfaceOrientationLandscapeRight";
				INFOPLIST_KEY_UISupportedInterfaceOrientations_iPhone = "UIInterfaceOrientationPortrait UIInterfaceOrientationLandscapeLeft UIInterfaceOrientationLandscapeRight";
				LD_RUNPATH_SEARCH_PATHS = (
					"$(inherited)",
					"@executable_path/Frameworks",
				);
				MARKETING_VERSION = 1.0;
				PRODUCT_BUNDLE_IDENTIFIER = Test.practiceSwiftuI2;
				PRODUCT_NAME = "$(TARGET_NAME)";
				SWIFT_EMIT_LOC_STRINGS = YES;
				SWIFT_VERSION = 5.0;
				TARGETED_DEVICE_FAMILY = "1,2";
			};
			name = Release;
		};
		1D5A84532A7BDD1C007D0A90 /* Debug */ = {
			isa = XCBuildConfiguration;
			buildSettings = {
				ALWAYS_EMBED_SWIFT_STANDARD_LIBRARIES = YES;
				BUNDLE_LOADER = "$(TEST_HOST)";
				CODE_SIGN_STYLE = Automatic;
				CURRENT_PROJECT_VERSION = 1;
				DEVELOPMENT_TEAM = 6763324T69;
				GENERATE_INFOPLIST_FILE = YES;
				IPHONEOS_DEPLOYMENT_TARGET = 16.4;
				MARKETING_VERSION = 1.0;
				PRODUCT_BUNDLE_IDENTIFIER = Test.practiceSwiftuI2Tests;
				PRODUCT_NAME = "$(TARGET_NAME)";
				SWIFT_EMIT_LOC_STRINGS = NO;
				SWIFT_VERSION = 5.0;
				TARGETED_DEVICE_FAMILY = "1,2";
				TEST_HOST = "$(BUILT_PRODUCTS_DIR)/practiceSwiftuI2.app/$(BUNDLE_EXECUTABLE_FOLDER_PATH)/practiceSwiftuI2";
			};
			name = Debug;
		};
		1D5A84542A7BDD1C007D0A90 /* Release */ = {
			isa = XCBuildConfiguration;
			buildSettings = {
				ALWAYS_EMBED_SWIFT_STANDARD_LIBRARIES = YES;
				BUNDLE_LOADER = "$(TEST_HOST)";
				CODE_SIGN_STYLE = Automatic;
				CURRENT_PROJECT_VERSION = 1;
				DEVELOPMENT_TEAM = 6763324T69;
				GENERATE_INFOPLIST_FILE = YES;
				IPHONEOS_DEPLOYMENT_TARGET = 16.4;
				MARKETING_VERSION = 1.0;
				PRODUCT_BUNDLE_IDENTIFIER = Test.practiceSwiftuI2Tests;
				PRODUCT_NAME = "$(TARGET_NAME)";
				SWIFT_EMIT_LOC_STRINGS = NO;
				SWIFT_VERSION = 5.0;
				TARGETED_DEVICE_FAMILY = "1,2";
				TEST_HOST = "$(BUILT_PRODUCTS_DIR)/practiceSwiftuI2.app/$(BUNDLE_EXECUTABLE_FOLDER_PATH)/practiceSwiftuI2";
			};
			name = Release;
		};
		1D5A84562A7BDD1C007D0A90 /* Debug */ = {
			isa = XCBuildConfiguration;
			buildSettings = {
				ALWAYS_EMBED_SWIFT_STANDARD_LIBRARIES = YES;
				CODE_SIGN_STYLE = Automatic;
				CURRENT_PROJECT_VERSION = 1;
				DEVELOPMENT_TEAM = 6763324T69;
				GENERATE_INFOPLIST_FILE = YES;
				MARKETING_VERSION = 1.0;
				PRODUCT_BUNDLE_IDENTIFIER = Test.practiceSwiftuI2UITests;
				PRODUCT_NAME = "$(TARGET_NAME)";
				SWIFT_EMIT_LOC_STRINGS = NO;
				SWIFT_VERSION = 5.0;
				TARGETED_DEVICE_FAMILY = "1,2";
				TEST_TARGET_NAME = practiceSwiftuI2;
			};
			name = Debug;
		};
		1D5A84572A7BDD1C007D0A90 /* Release */ = {
			isa = XCBuildConfiguration;
			buildSettings = {
				ALWAYS_EMBED_SWIFT_STANDARD_LIBRARIES = YES;
				CODE_SIGN_STYLE = Automatic;
				CURRENT_PROJECT_VERSION = 1;
				DEVELOPMENT_TEAM = 6763324T69;
				GENERATE_INFOPLIST_FILE = YES;
				MARKETING_VERSION = 1.0;
				PRODUCT_BUNDLE_IDENTIFIER = Test.practiceSwiftuI2UITests;
				PRODUCT_NAME = "$(TARGET_NAME)";
				SWIFT_EMIT_LOC_STRINGS = NO;
				SWIFT_VERSION = 5.0;
				TARGETED_DEVICE_FAMILY = "1,2";
				TEST_TARGET_NAME = practiceSwiftuI2;
			};
			name = Release;
		};
/* End XCBuildConfiguration section */

/* Begin XCConfigurationList section */
		1D5A84262A7BDD1B007D0A90 /* Build configuration list for PBXProject "practiceSwiftuI2" */ = {
			isa = XCConfigurationList;
			buildConfigurations = (
				1D5A844D2A7BDD1C007D0A90 /* Debug */,
				1D5A844E2A7BDD1C007D0A90 /* Release */,
			);
			defaultConfigurationIsVisible = 0;
			defaultConfigurationName = Release;
		};
		1D5A844F2A7BDD1C007D0A90 /* Build configuration list for PBXNativeTarget "practiceSwiftuI2" */ = {
			isa = XCConfigurationList;
			buildConfigurations = (
				1D5A84502A7BDD1C007D0A90 /* Debug */,
				1D5A84512A7BDD1C007D0A90 /* Release */,
			);
			defaultConfigurationIsVisible = 0;
			defaultConfigurationName = Release;
		};
		1D5A84522A7BDD1C007D0A90 /* Build configuration list for PBXNativeTarget "practiceSwiftuI2Tests" */ = {
			isa = XCConfigurationList;
			buildConfigurations = (
				1D5A84532A7BDD1C007D0A90 /* Debug */,
				1D5A84542A7BDD1C007D0A90 /* Release */,
			);
			defaultConfigurationIsVisible = 0;
			defaultConfigurationName = Release;
		};
		1D5A84552A7BDD1C007D0A90 /* Build configuration list for PBXNativeTarget "practiceSwiftuI2UITests" */ = {
			isa = XCConfigurationList;
			buildConfigurations = (
				1D5A84562A7BDD1C007D0A90 /* Debug */,
				1D5A84572A7BDD1C007D0A90 /* Release */,
			);
			defaultConfigurationIsVisible = 0;
			defaultConfigurationName = Release;
		};
/* End XCConfigurationList section */
	};
	rootObject = 1D5A84232A7BDD1B007D0A90 /* Project object */;
}
