// !$*UTF8*$!
{
	archiveVersion = 1;
	classes = {
	};
	objectVersion = 56;
	objects = {

/* Begin PBXBuildFile section */
		1DA11DC22A81074A0090E2E4 /* class3App.swift in Sources */ = {isa = PBXBuildFile; fileRef = 1DA11DC12A81074A0090E2E4 /* class3App.swift */; };
		1DA11DC42A81074A0090E2E4 /* ContentView.swift in Sources */ = {isa = PBXBuildFile; fileRef = 1DA11DC32A81074A0090E2E4 /* ContentView.swift */; };
		1DA11DC62A81074B0090E2E4 /* Assets.xcassets in Resources */ = {isa = PBXBuildFile; fileRef = 1DA11DC52A81074B0090E2E4 /* Assets.xcassets */; };
		1DA11DC92A81074B0090E2E4 /* Preview Assets.xcassets in Resources */ = {isa = PBXBuildFile; fileRef = 1DA11DC82A81074B0090E2E4 /* Preview Assets.xcassets */; };
		1DA11DD32A81074B0090E2E4 /* class3Tests.swift in Sources */ = {isa = PBXBuildFile; fileRef = 1DA11DD22A81074B0090E2E4 /* class3Tests.swift */; };
		1DA11DDD2A81074B0090E2E4 /* class3UITests.swift in Sources */ = {isa = PBXBuildFile; fileRef = 1DA11DDC2A81074B0090E2E4 /* class3UITests.swift */; };
		1DA11DDF2A81074B0090E2E4 /* class3UITestsLaunchTests.swift in Sources */ = {isa = PBXBuildFile; fileRef = 1DA11DDE2A81074B0090E2E4 /* class3UITestsLaunchTests.swift */; };
/* End PBXBuildFile section */

/* Begin PBXContainerItemProxy section */
		1DA11DCF2A81074B0090E2E4 /* PBXContainerItemProxy */ = {
			isa = PBXContainerItemProxy;
			containerPortal = 1DA11DB62A81074A0090E2E4 /* Project object */;
			proxyType = 1;
			remoteGlobalIDString = 1DA11DBD2A81074A0090E2E4;
			remoteInfo = class3;
		};
		1DA11DD92A81074B0090E2E4 /* PBXContainerItemProxy */ = {
			isa = PBXContainerItemProxy;
			containerPortal = 1DA11DB62A81074A0090E2E4 /* Project object */;
			proxyType = 1;
			remoteGlobalIDString = 1DA11DBD2A81074A0090E2E4;
			remoteInfo = class3;
		};
/* End PBXContainerItemProxy section */

/* Begin PBXFileReference section */
		1DA11DBE2A81074A0090E2E4 /* class3.app */ = {isa = PBXFileReference; explicitFileType = wrapper.application; includeInIndex = 0; path = class3.app; sourceTree = BUILT_PRODUCTS_DIR; };
		1DA11DC12A81074A0090E2E4 /* class3App.swift */ = {isa = PBXFileReference; lastKnownFileType = sourcecode.swift; path = class3App.swift; sourceTree = "<group>"; };
		1DA11DC32A81074A0090E2E4 /* ContentView.swift */ = {isa = PBXFileReference; lastKnownFileType = sourcecode.swift; path = ContentView.swift; sourceTree = "<group>"; };
		1DA11DC52A81074B0090E2E4 /* Assets.xcassets */ = {isa = PBXFileReference; lastKnownFileType = folder.assetcatalog; path = Assets.xcassets; sourceTree = "<group>"; };
		1DA11DC82A81074B0090E2E4 /* Preview Assets.xcassets */ = {isa = PBXFileReference; lastKnownFileType = folder.assetcatalog; path = "Preview Assets.xcassets"; sourceTree = "<group>"; };
		1DA11DCE2A81074B0090E2E4 /* class3Tests.xctest */ = {isa = PBXFileReference; explicitFileType = wrapper.cfbundle; includeInIndex = 0; path = class3Tests.xctest; sourceTree = BUILT_PRODUCTS_DIR; };
		1DA11DD22A81074B0090E2E4 /* class3Tests.swift */ = {isa = PBXFileReference; lastKnownFileType = sourcecode.swift; path = class3Tests.swift; sourceTree = "<group>"; };
		1DA11DD82A81074B0090E2E4 /* class3UITests.xctest */ = {isa = PBXFileReference; explicitFileType = wrapper.cfbundle; includeInIndex = 0; path = class3UITests.xctest; sourceTree = BUILT_PRODUCTS_DIR; };
		1DA11DDC2A81074B0090E2E4 /* class3UITests.swift */ = {isa = PBXFileReference; lastKnownFileType = sourcecode.swift; path = class3UITests.swift; sourceTree = "<group>"; };
		1DA11DDE2A81074B0090E2E4 /* class3UITestsLaunchTests.swift */ = {isa = PBXFileReference; lastKnownFileType = sourcecode.swift; path = class3UITestsLaunchTests.swift; sourceTree = "<group>"; };
/* End PBXFileReference section */

/* Begin PBXFrameworksBuildPhase section */
		1DA11DBB2A81074A0090E2E4 /* Frameworks */ = {
			isa = PBXFrameworksBuildPhase;
			buildActionMask = 2147483647;
			files = (
			);
			runOnlyForDeploymentPostprocessing = 0;
		};
		1DA11DCB2A81074B0090E2E4 /* Frameworks */ = {
			isa = PBXFrameworksBuildPhase;
			buildActionMask = 2147483647;
			files = (
			);
			runOnlyForDeploymentPostprocessing = 0;
		};
		1DA11DD52A81074B0090E2E4 /* Frameworks */ = {
			isa = PBXFrameworksBuildPhase;
			buildActionMask = 2147483647;
			files = (
			);
			runOnlyForDeploymentPostprocessing = 0;
		};
/* End PBXFrameworksBuildPhase section */

/* Begin PBXGroup section */
		1DA11DB52A81074A0090E2E4 = {
			isa = PBXGroup;
			children = (
				1DA11DC02A81074A0090E2E4 /* class3 */,
				1DA11DD12A81074B0090E2E4 /* class3Tests */,
				1DA11DDB2A81074B0090E2E4 /* class3UITests */,
				1DA11DBF2A81074A0090E2E4 /* Products */,
			);
			sourceTree = "<group>";
		};
		1DA11DBF2A81074A0090E2E4 /* Products */ = {
			isa = PBXGroup;
			children = (
				1DA11DBE2A81074A0090E2E4 /* class3.app */,
				1DA11DCE2A81074B0090E2E4 /* class3Tests.xctest */,
				1DA11DD82A81074B0090E2E4 /* class3UITests.xctest */,
			);
			name = Products;
			sourceTree = "<group>";
		};
		1DA11DC02A81074A0090E2E4 /* class3 */ = {
			isa = PBXGroup;
			children = (
				1DA11DC12A81074A0090E2E4 /* class3App.swift */,
				1DA11DC32A81074A0090E2E4 /* ContentView.swift */,
				1DA11DC52A81074B0090E2E4 /* Assets.xcassets */,
				1DA11DC72A81074B0090E2E4 /* Preview Content */,
			);
			path = class3;
			sourceTree = "<group>";
		};
		1DA11DC72A81074B0090E2E4 /* Preview Content */ = {
			isa = PBXGroup;
			children = (
				1DA11DC82A81074B0090E2E4 /* Preview Assets.xcassets */,
			);
			path = "Preview Content";
			sourceTree = "<group>";
		};
		1DA11DD12A81074B0090E2E4 /* class3Tests */ = {
			isa = PBXGroup;
			children = (
				1DA11DD22A81074B0090E2E4 /* class3Tests.swift */,
			);
			path = class3Tests;
			sourceTree = "<group>";
		};
		1DA11DDB2A81074B0090E2E4 /* class3UITests */ = {
			isa = PBXGroup;
			children = (
				1DA11DDC2A81074B0090E2E4 /* class3UITests.swift */,
				1DA11DDE2A81074B0090E2E4 /* class3UITestsLaunchTests.swift */,
			);
			path = class3UITests;
			sourceTree = "<group>";
		};
/* End PBXGroup section */

/* Begin PBXNativeTarget section */
		1DA11DBD2A81074A0090E2E4 /* class3 */ = {
			isa = PBXNativeTarget;
			buildConfigurationList = 1DA11DE22A81074B0090E2E4 /* Build configuration list for PBXNativeTarget "class3" */;
			buildPhases = (
				1DA11DBA2A81074A0090E2E4 /* Sources */,
				1DA11DBB2A81074A0090E2E4 /* Frameworks */,
				1DA11DBC2A81074A0090E2E4 /* Resources */,
			);
			buildRules = (
			);
			dependencies = (
			);
			name = class3;
			productName = class3;
			productReference = 1DA11DBE2A81074A0090E2E4 /* class3.app */;
			productType = "com.apple.product-type.application";
		};
		1DA11DCD2A81074B0090E2E4 /* class3Tests */ = {
			isa = PBXNativeTarget;
			buildConfigurationList = 1DA11DE52A81074B0090E2E4 /* Build configuration list for PBXNativeTarget "class3Tests" */;
			buildPhases = (
				1DA11DCA2A81074B0090E2E4 /* Sources */,
				1DA11DCB2A81074B0090E2E4 /* Frameworks */,
				1DA11DCC2A81074B0090E2E4 /* Resources */,
			);
			buildRules = (
			);
			dependencies = (
				1DA11DD02A81074B0090E2E4 /* PBXTargetDependency */,
			);
			name = class3Tests;
			productName = class3Tests;
			productReference = 1DA11DCE2A81074B0090E2E4 /* class3Tests.xctest */;
			productType = "com.apple.product-type.bundle.unit-test";
		};
		1DA11DD72A81074B0090E2E4 /* class3UITests */ = {
			isa = PBXNativeTarget;
			buildConfigurationList = 1DA11DE82A81074B0090E2E4 /* Build configuration list for PBXNativeTarget "class3UITests" */;
			buildPhases = (
				1DA11DD42A81074B0090E2E4 /* Sources */,
				1DA11DD52A81074B0090E2E4 /* Frameworks */,
				1DA11DD62A81074B0090E2E4 /* Resources */,
			);
			buildRules = (
			);
			dependencies = (
				1DA11DDA2A81074B0090E2E4 /* PBXTargetDependency */,
			);
			name = class3UITests;
			productName = class3UITests;
			productReference = 1DA11DD82A81074B0090E2E4 /* class3UITests.xctest */;
			productType = "com.apple.product-type.bundle.ui-testing";
		};
/* End PBXNativeTarget section */

/* Begin PBXProject section */
		1DA11DB62A81074A0090E2E4 /* Project object */ = {
			isa = PBXProject;
			attributes = {
				BuildIndependentTargetsInParallel = 1;
				LastSwiftUpdateCheck = 1430;
				LastUpgradeCheck = 1430;
				TargetAttributes = {
					1DA11DBD2A81074A0090E2E4 = {
						CreatedOnToolsVersion = 14.3.1;
					};
					1DA11DCD2A81074B0090E2E4 = {
						CreatedOnToolsVersion = 14.3.1;
						TestTargetID = 1DA11DBD2A81074A0090E2E4;
					};
					1DA11DD72A81074B0090E2E4 = {
						CreatedOnToolsVersion = 14.3.1;
						TestTargetID = 1DA11DBD2A81074A0090E2E4;
					};
				};
			};
			buildConfigurationList = 1DA11DB92A81074A0090E2E4 /* Build configuration list for PBXProject "class3" */;
			compatibilityVersion = "Xcode 14.0";
			developmentRegion = en;
			hasScannedForEncodings = 0;
			knownRegions = (
				en,
				Base,
			);
			mainGroup = 1DA11DB52A81074A0090E2E4;
			productRefGroup = 1DA11DBF2A81074A0090E2E4 /* Products */;
			projectDirPath = "";
			projectRoot = "";
			targets = (
				1DA11DBD2A81074A0090E2E4 /* class3 */,
				1DA11DCD2A81074B0090E2E4 /* class3Tests */,
				1DA11DD72A81074B0090E2E4 /* class3UITests */,
			);
		};
/* End PBXProject section */

/* Begin PBXResourcesBuildPhase section */
		1DA11DBC2A81074A0090E2E4 /* Resources */ = {
			isa = PBXResourcesBuildPhase;
			buildActionMask = 2147483647;
			files = (
				1DA11DC92A81074B0090E2E4 /* Preview Assets.xcassets in Resources */,
				1DA11DC62A81074B0090E2E4 /* Assets.xcassets in Resources */,
			);
			runOnlyForDeploymentPostprocessing = 0;
		};
		1DA11DCC2A81074B0090E2E4 /* Resources */ = {
			isa = PBXResourcesBuildPhase;
			buildActionMask = 2147483647;
			files = (
			);
			runOnlyForDeploymentPostprocessing = 0;
		};
		1DA11DD62A81074B0090E2E4 /* Resources */ = {
			isa = PBXResourcesBuildPhase;
			buildActionMask = 2147483647;
			files = (
			);
			runOnlyForDeploymentPostprocessing = 0;
		};
/* End PBXResourcesBuildPhase section */

/* Begin PBXSourcesBuildPhase section */
		1DA11DBA2A81074A0090E2E4 /* Sources */ = {
			isa = PBXSourcesBuildPhase;
			buildActionMask = 2147483647;
			files = (
				1DA11DC42A81074A0090E2E4 /* ContentView.swift in Sources */,
				1DA11DC22A81074A0090E2E4 /* class3App.swift in Sources */,
			);
			runOnlyForDeploymentPostprocessing = 0;
		};
		1DA11DCA2A81074B0090E2E4 /* Sources */ = {
			isa = PBXSourcesBuildPhase;
			buildActionMask = 2147483647;
			files = (
				1DA11DD32A81074B0090E2E4 /* class3Tests.swift in Sources */,
			);
			runOnlyForDeploymentPostprocessing = 0;
		};
		1DA11DD42A81074B0090E2E4 /* Sources */ = {
			isa = PBXSourcesBuildPhase;
			buildActionMask = 2147483647;
			files = (
				1DA11DDD2A81074B0090E2E4 /* class3UITests.swift in Sources */,
				1DA11DDF2A81074B0090E2E4 /* class3UITestsLaunchTests.swift in Sources */,
			);
			runOnlyForDeploymentPostprocessing = 0;
		};
/* End PBXSourcesBuildPhase section */

/* Begin PBXTargetDependency section */
		1DA11DD02A81074B0090E2E4 /* PBXTargetDependency */ = {
			isa = PBXTargetDependency;
			target = 1DA11DBD2A81074A0090E2E4 /* class3 */;
			targetProxy = 1DA11DCF2A81074B0090E2E4 /* PBXContainerItemProxy */;
		};
		1DA11DDA2A81074B0090E2E4 /* PBXTargetDependency */ = {
			isa = PBXTargetDependency;
			target = 1DA11DBD2A81074A0090E2E4 /* class3 */;
			targetProxy = 1DA11DD92A81074B0090E2E4 /* PBXContainerItemProxy */;
		};
/* End PBXTargetDependency section */

/* Begin XCBuildConfiguration section */
		1DA11DE02A81074B0090E2E4 /* Debug */ = {
			isa = XCBuildConfiguration;
			buildSettings = {
				ALWAYS_SEARCH_USER_PATHS = NO;
				CLANG_ANALYZER_NONNULL = YES;
				CLANG_ANALYZER_NUMBER_OBJECT_CONVERSION = YES_AGGRESSIVE;
				CLANG_CXX_LANGUAGE_STANDARD = "gnu++20";
				CLANG_ENABLE_MODULES = YES;
				CLANG_ENABLE_OBJC_ARC = YES;
				CLANG_ENABLE_OBJC_WEAK = YES;
				CLANG_WARN_BLOCK_CAPTURE_AUTORELEASING = YES;
				CLANG_WARN_BOOL_CONVERSION = YES;
				CLANG_WARN_COMMA = YES;
				CLANG_WARN_CONSTANT_CONVERSION = YES;
				CLANG_WARN_DEPRECATED_OBJC_IMPLEMENTATIONS = YES;
				CLANG_WARN_DIRECT_OBJC_ISA_USAGE = YES_ERROR;
				CLANG_WARN_DOCUMENTATION_COMMENTS = YES;
				CLANG_WARN_EMPTY_BODY = YES;
				CLANG_WARN_ENUM_CONVERSION = YES;
				CLANG_WARN_INFINITE_RECURSION = YES;
				CLANG_WARN_INT_CONVERSION = YES;
				CLANG_WARN_NON_LITERAL_NULL_CONVERSION = YES;
				CLANG_WARN_OBJC_IMPLICIT_RETAIN_SELF = YES;
				CLANG_WARN_OBJC_LITERAL_CONVERSION = YES;
				CLANG_WARN_OBJC_ROOT_CLASS = YES_ERROR;
				CLANG_WARN_QUOTED_INCLUDE_IN_FRAMEWORK_HEADER = YES;
				CLANG_WARN_RANGE_LOOP_ANALYSIS = YES;
				CLANG_WARN_STRICT_PROTOTYPES = YES;
				CLANG_WARN_SUSPICIOUS_MOVE = YES;
				CLANG_WARN_UNGUARDED_AVAILABILITY = YES_AGGRESSIVE;
				CLANG_WARN_UNREACHABLE_CODE = YES;
				CLANG_WARN__DUPLICATE_METHOD_MATCH = YES;
				COPY_PHASE_STRIP = NO;
				DEBUG_INFORMATION_FORMAT = dwarf;
				ENABLE_STRICT_OBJC_MSGSEND = YES;
				ENABLE_TESTABILITY = YES;
				GCC_C_LANGUAGE_STANDARD = gnu11;
				GCC_DYNAMIC_NO_PIC = NO;
				GCC_NO_COMMON_BLOCKS = YES;
				GCC_OPTIMIZATION_LEVEL = 0;
				GCC_PREPROCESSOR_DEFINITIONS = (
					"DEBUG=1",
					"$(inherited)",
				);
				GCC_WARN_64_TO_32_BIT_CONVERSION = YES;
				GCC_WARN_ABOUT_RETURN_TYPE = YES_ERROR;
				GCC_WARN_UNDECLARED_SELECTOR = YES;
				GCC_WARN_UNINITIALIZED_AUTOS = YES_AGGRESSIVE;
				GCC_WARN_UNUSED_FUNCTION = YES;
				GCC_WARN_UNUSED_VARIABLE = YES;
				IPHONEOS_DEPLOYMENT_TARGET = 16.4;
				MTL_ENABLE_DEBUG_INFO = INCLUDE_SOURCE;
				MTL_FAST_MATH = YES;
				ONLY_ACTIVE_ARCH = YES;
				SDKROOT = iphoneos;
				SWIFT_ACTIVE_COMPILATION_CONDITIONS = DEBUG;
				SWIFT_OPTIMIZATION_LEVEL = "-Onone";
			};
			name = Debug;
		};
		1DA11DE12A81074B0090E2E4 /* Release */ = {
			isa = XCBuildConfiguration;
			buildSettings = {
				ALWAYS_SEARCH_USER_PATHS = NO;
				CLANG_ANALYZER_NONNULL = YES;
				CLANG_ANALYZER_NUMBER_OBJECT_CONVERSION = YES_AGGRESSIVE;
				CLANG_CXX_LANGUAGE_STANDARD = "gnu++20";
				CLANG_ENABLE_MODULES = YES;
				CLANG_ENABLE_OBJC_ARC = YES;
				CLANG_ENABLE_OBJC_WEAK = YES;
				CLANG_WARN_BLOCK_CAPTURE_AUTORELEASING = YES;
				CLANG_WARN_BOOL_CONVERSION = YES;
				CLANG_WARN_COMMA = YES;
				CLANG_WARN_CONSTANT_CONVERSION = YES;
				CLANG_WARN_DEPRECATED_OBJC_IMPLEMENTATIONS = YES;
				CLANG_WARN_DIRECT_OBJC_ISA_USAGE = YES_ERROR;
				CLANG_WARN_DOCUMENTATION_COMMENTS = YES;
				CLANG_WARN_EMPTY_BODY = YES;
				CLANG_WARN_ENUM_CONVERSION = YES;
				CLANG_WARN_INFINITE_RECURSION = YES;
				CLANG_WARN_INT_CONVERSION = YES;
				CLANG_WARN_NON_LITERAL_NULL_CONVERSION = YES;
				CLANG_WARN_OBJC_IMPLICIT_RETAIN_SELF = YES;
				CLANG_WARN_OBJC_LITERAL_CONVERSION = YES;
				CLANG_WARN_OBJC_ROOT_CLASS = YES_ERROR;
				CLANG_WARN_QUOTED_INCLUDE_IN_FRAMEWORK_HEADER = YES;
				CLANG_WARN_RANGE_LOOP_ANALYSIS = YES;
				CLANG_WARN_STRICT_PROTOTYPES = YES;
				CLANG_WARN_SUSPICIOUS_MOVE = YES;
				CLANG_WARN_UNGUARDED_AVAILABILITY = YES_AGGRESSIVE;
				CLANG_WARN_UNREACHABLE_CODE = YES;
				CLANG_WARN__DUPLICATE_METHOD_MATCH = YES;
				COPY_PHASE_STRIP = NO;
				DEBUG_INFORMATION_FORMAT = "dwarf-with-dsym";
				ENABLE_NS_ASSERTIONS = NO;
				ENABLE_STRICT_OBJC_MSGSEND = YES;
				GCC_C_LANGUAGE_STANDARD = gnu11;
				GCC_NO_COMMON_BLOCKS = YES;
				GCC_WARN_64_TO_32_BIT_CONVERSION = YES;
				GCC_WARN_ABOUT_RETURN_TYPE = YES_ERROR;
				GCC_WARN_UNDECLARED_SELECTOR = YES;
				GCC_WARN_UNINITIALIZED_AUTOS = YES_AGGRESSIVE;
				GCC_WARN_UNUSED_FUNCTION = YES;
				GCC_WARN_UNUSED_VARIABLE = YES;
				IPHONEOS_DEPLOYMENT_TARGET = 16.4;
				MTL_ENABLE_DEBUG_INFO = NO;
				MTL_FAST_MATH = YES;
				SDKROOT = iphoneos;
				SWIFT_COMPILATION_MODE = wholemodule;
				SWIFT_OPTIMIZATION_LEVEL = "-O";
				VALIDATE_PRODUCT = YES;
			};
			name = Release;
		};
		1DA11DE32A81074B0090E2E4 /* Debug */ = {
			isa = XCBuildConfiguration;
			buildSettings = {
				ASSETCATALOG_COMPILER_APPICON_NAME = AppIcon;
				ASSETCATALOG_COMPILER_GLOBAL_ACCENT_COLOR_NAME = AccentColor;
				CODE_SIGN_STYLE = Automatic;
				CURRENT_PROJECT_VERSION = 1;
				DEVELOPMENT_ASSET_PATHS = "\"class3/Preview Content\"";
				DEVELOPMENT_TEAM = 6763324T69;
				ENABLE_PREVIEWS = YES;
				GENERATE_INFOPLIST_FILE = YES;
				INFOPLIST_KEY_UIApplicationSceneManifest_Generation = YES;
				INFOPLIST_KEY_UIApplicationSupportsIndirectInputEvents = YES;
				INFOPLIST_KEY_UILaunchScreen_Generation = YES;
				INFOPLIST_KEY_UISupportedInterfaceOrientations_iPad = "UIInterfaceOrientationPortrait UIInterfaceOrientationPortraitUpsideDown UIInterfaceOrientationLandscapeLeft UIInterfaceOrientationLandscapeRight";
				INFOPLIST_KEY_UISupportedInterfaceOrientations_iPhone = "UIInterfaceOrientationPortrait UIInterfaceOrientationLandscapeLeft UIInterfaceOrientationLandscapeRight";
				LD_RUNPATH_SEARCH_PATHS = (
					"$(inherited)",
					"@executable_path/Frameworks",
				);
				MARKETING_VERSION = 1.0;
				PRODUCT_BUNDLE_IDENTIFIER = Test.class3;
				PRODUCT_NAME = "$(TARGET_NAME)";
				SWIFT_EMIT_LOC_STRINGS = YES;
				SWIFT_VERSION = 5.0;
				TARGETED_DEVICE_FAMILY = "1,2";
			};
			name = Debug;
		};
		1DA11DE42A81074B0090E2E4 /* Release */ = {
			isa = XCBuildConfiguration;
			buildSettings = {
				ASSETCATALOG_COMPILER_APPICON_NAME = AppIcon;
				ASSETCATALOG_COMPILER_GLOBAL_ACCENT_COLOR_NAME = AccentColor;
				CODE_SIGN_STYLE = Automatic;
				CURRENT_PROJECT_VERSION = 1;
				DEVELOPMENT_ASSET_PATHS = "\"class3/Preview Content\"";
				DEVELOPMENT_TEAM = 6763324T69;
				ENABLE_PREVIEWS = YES;
				GENERATE_INFOPLIST_FILE = YES;
				INFOPLIST_KEY_UIApplicationSceneManifest_Generation = YES;
				INFOPLIST_KEY_UIApplicationSupportsIndirectInputEvents = YES;
				INFOPLIST_KEY_UILaunchScreen_Generation = YES;
				INFOPLIST_KEY_UISupportedInterfaceOrientations_iPad = "UIInterfaceOrientationPortrait UIInterfaceOrientationPortraitUpsideDown UIInterfaceOrientationLandscapeLeft UIInterfaceOrientationLandscapeRight";
				INFOPLIST_KEY_UISupportedInterfaceOrientations_iPhone = "UIInterfaceOrientationPortrait UIInterfaceOrientationLandscapeLeft UIInterfaceOrientationLandscapeRight";
				LD_RUNPATH_SEARCH_PATHS = (
					"$(inherited)",
					"@executable_path/Frameworks",
				);
				MARKETING_VERSION = 1.0;
				PRODUCT_BUNDLE_IDENTIFIER = Test.class3;
				PRODUCT_NAME = "$(TARGET_NAME)";
				SWIFT_EMIT_LOC_STRINGS = YES;
				SWIFT_VERSION = 5.0;
				TARGETED_DEVICE_FAMILY = "1,2";
			};
			name = Release;
		};
		1DA11DE62A81074B0090E2E4 /* Debug */ = {
			isa = XCBuildConfiguration;
			buildSettings = {
				ALWAYS_EMBED_SWIFT_STANDARD_LIBRARIES = YES;
				BUNDLE_LOADER = "$(TEST_HOST)";
				CODE_SIGN_STYLE = Automatic;
				CURRENT_PROJECT_VERSION = 1;
				DEVELOPMENT_TEAM = 6763324T69;
				GENERATE_INFOPLIST_FILE = YES;
				IPHONEOS_DEPLOYMENT_TARGET = 16.4;
				MARKETING_VERSION = 1.0;
				PRODUCT_BUNDLE_IDENTIFIER = Test.class3Tests;
				PRODUCT_NAME = "$(TARGET_NAME)";
				SWIFT_EMIT_LOC_STRINGS = NO;
				SWIFT_VERSION = 5.0;
				TARGETED_DEVICE_FAMILY = "1,2";
				TEST_HOST = "$(BUILT_PRODUCTS_DIR)/class3.app/$(BUNDLE_EXECUTABLE_FOLDER_PATH)/class3";
			};
			name = Debug;
		};
		1DA11DE72A81074B0090E2E4 /* Release */ = {
			isa = XCBuildConfiguration;
			buildSettings = {
				ALWAYS_EMBED_SWIFT_STANDARD_LIBRARIES = YES;
				BUNDLE_LOADER = "$(TEST_HOST)";
				CODE_SIGN_STYLE = Automatic;
				CURRENT_PROJECT_VERSION = 1;
				DEVELOPMENT_TEAM = 6763324T69;
				GENERATE_INFOPLIST_FILE = YES;
				IPHONEOS_DEPLOYMENT_TARGET = 16.4;
				MARKETING_VERSION = 1.0;
				PRODUCT_BUNDLE_IDENTIFIER = Test.class3Tests;
				PRODUCT_NAME = "$(TARGET_NAME)";
				SWIFT_EMIT_LOC_STRINGS = NO;
				SWIFT_VERSION = 5.0;
				TARGETED_DEVICE_FAMILY = "1,2";
				TEST_HOST = "$(BUILT_PRODUCTS_DIR)/class3.app/$(BUNDLE_EXECUTABLE_FOLDER_PATH)/class3";
			};
			name = Release;
		};
		1DA11DE92A81074B0090E2E4 /* Debug */ = {
			isa = XCBuildConfiguration;
			buildSettings = {
				ALWAYS_EMBED_SWIFT_STANDARD_LIBRARIES = YES;
				CODE_SIGN_STYLE = Automatic;
				CURRENT_PROJECT_VERSION = 1;
				DEVELOPMENT_TEAM = 6763324T69;
				GENERATE_INFOPLIST_FILE = YES;
				MARKETING_VERSION = 1.0;
				PRODUCT_BUNDLE_IDENTIFIER = Test.class3UITests;
				PRODUCT_NAME = "$(TARGET_NAME)";
				SWIFT_EMIT_LOC_STRINGS = NO;
				SWIFT_VERSION = 5.0;
				TARGETED_DEVICE_FAMILY = "1,2";
				TEST_TARGET_NAME = class3;
			};
			name = Debug;
		};
		1DA11DEA2A81074B0090E2E4 /* Release */ = {
			isa = XCBuildConfiguration;
			buildSettings = {
				ALWAYS_EMBED_SWIFT_STANDARD_LIBRARIES = YES;
				CODE_SIGN_STYLE = Automatic;
				CURRENT_PROJECT_VERSION = 1;
				DEVELOPMENT_TEAM = 6763324T69;
				GENERATE_INFOPLIST_FILE = YES;
				MARKETING_VERSION = 1.0;
				PRODUCT_BUNDLE_IDENTIFIER = Test.class3UITests;
				PRODUCT_NAME = "$(TARGET_NAME)";
				SWIFT_EMIT_LOC_STRINGS = NO;
				SWIFT_VERSION = 5.0;
				TARGETED_DEVICE_FAMILY = "1,2";
				TEST_TARGET_NAME = class3;
			};
			name = Release;
		};
/* End XCBuildConfiguration section */

/* Begin XCConfigurationList section */
		1DA11DB92A81074A0090E2E4 /* Build configuration list for PBXProject "class3" */ = {
			isa = XCConfigurationList;
			buildConfigurations = (
				1DA11DE02A81074B0090E2E4 /* Debug */,
				1DA11DE12A81074B0090E2E4 /* Release */,
			);
			defaultConfigurationIsVisible = 0;
			defaultConfigurationName = Release;
		};
		1DA11DE22A81074B0090E2E4 /* Build configuration list for PBXNativeTarget "class3" */ = {
			isa = XCConfigurationList;
			buildConfigurations = (
				1DA11DE32A81074B0090E2E4 /* Debug */,
				1DA11DE42A81074B0090E2E4 /* Release */,
			);
			defaultConfigurationIsVisible = 0;
			defaultConfigurationName = Release;
		};
		1DA11DE52A81074B0090E2E4 /* Build configuration list for PBXNativeTarget "class3Tests" */ = {
			isa = XCConfigurationList;
			buildConfigurations = (
				1DA11DE62A81074B0090E2E4 /* Debug */,
				1DA11DE72A81074B0090E2E4 /* Release */,
			);
			defaultConfigurationIsVisible = 0;
			defaultConfigurationName = Release;
		};
		1DA11DE82A81074B0090E2E4 /* Build configuration list for PBXNativeTarget "class3UITests" */ = {
			isa = XCConfigurationList;
			buildConfigurations = (
				1DA11DE92A81074B0090E2E4 /* Debug */,
				1DA11DEA2A81074B0090E2E4 /* Release */,
			);
			defaultConfigurationIsVisible = 0;
			defaultConfigurationName = Release;
		};
/* End XCConfigurationList section */
	};
	rootObject = 1DA11DB62A81074A0090E2E4 /* Project object */;
}
